
Microsoft Visual Studio Solution File, Format Version 12.00
# Visual Studio Version 16
VisualStudioVersion = 16.0.32929.386
MinimumVisualStudioVersion = 10.0.40219.1
Project("{FAE04EC0-301F-11D3-BF4B-00C04F79EFBC}") = "WhichComputer", "WhichComputer\WhichComputer.csproj", "{1BF36E55-4E65-4696-A6E5-D12FF923C946}"
EndProject
Global
	GlobalSection(SolutionConfigurationPlatforms) = preSolution
		Debug|Any CPU = Debug|Any CPU
		Release|Any CPU = Release|Any CPU
	EndGlobalSection
	GlobalSection(ProjectConfigurationPlatforms) = postSolution
		{1BF36E55-4E65-4696-A6E5-D12FF923C946}.Debug|Any CPU.ActiveCfg = Debug|Any CPU
		{1BF36E55-4E65-4696-A6E5-D12FF923C946}.Debug|Any CPU.Build.0 = Debug|Any CPU
		{1BF36E55-4E65-4696-A6E5-D12FF923C946}.Release|Any CPU.ActiveCfg = Release|Any CPU
		{1BF36E55-4E65-4696-A6E5-D12FF923C946}.Release|Any CPU.Build.0 = Release|Any CPU
	EndGlobalSection
	GlobalSection(SolutionProperties) = preSolution
		HideSolutionNode = FALSE
	EndGlobalSection
	GlobalSection(ExtensibilityGlobals) = postSolution
		SolutionGuid = {F773FA0A-5B09-477E-8F02-A303F0B1B46D}
	EndGlobalSection
EndGlobal
