
Microsoft Visual Studio Solution File, Format Version 12.00
# Visual Studio Version 17
VisualStudioVersion = 17.5.33414.496
MinimumVisualStudioVersion = 10.0.40219.1
Project("{9A19103F-16F7-4668-BE54-9A1E7A4F7556}") = "WhichComputer.Main", "WhichComputer.Main\WhichComputer.Main.csproj", "{8CC15519-D245-4C5E-88B4-A6196CC7E45A}"
EndProject
Project("{9A19103F-16F7-4668-BE54-9A1E7A4F7556}") = "WhichComputer.Specs", "WhichComputer.Specs\WhichComputer.Specs.csproj", "{AB69E840-98CC-45EB-A6FE-6F5B08457405}"
EndProject
Global
	GlobalSection(SolutionConfigurationPlatforms) = preSolution
		Debug|Any CPU = Debug|Any CPU
		Release|Any CPU = Release|Any CPU
	EndGlobalSection
	GlobalSection(ProjectConfigurationPlatforms) = postSolution
		{8CC15519-D245-4C5E-88B4-A6196CC7E45A}.Debug|Any CPU.ActiveCfg = Debug|Any CPU
		{8CC15519-D245-4C5E-88B4-A6196CC7E45A}.Debug|Any CPU.Build.0 = Debug|Any CPU
		{8CC15519-D245-4C5E-88B4-A6196CC7E45A}.Release|Any CPU.ActiveCfg = Release|Any CPU
		{8CC15519-D245-4C5E-88B4-A6196CC7E45A}.Release|Any CPU.Build.0 = Release|Any CPU
		{AB69E840-98CC-45EB-A6FE-6F5B08457405}.Debug|Any CPU.ActiveCfg = Debug|Any CPU
		{AB69E840-98CC-45EB-A6FE-6F5B08457405}.Debug|Any CPU.Build.0 = Debug|Any CPU
		{AB69E840-98CC-45EB-A6FE-6F5B08457405}.Release|Any CPU.ActiveCfg = Release|Any CPU
		{AB69E840-98CC-45EB-A6FE-6F5B08457405}.Release|Any CPU.Build.0 = Release|Any CPU
	EndGlobalSection
	GlobalSection(SolutionProperties) = preSolution
		HideSolutionNode = FALSE
	EndGlobalSection
	GlobalSection(ExtensibilityGlobals) = postSolution
		SolutionGuid = {542A0B94-90E0-4274-9BBD-6D6435CB1640}
	EndGlobalSection
EndGlobal
